
Microsoft Visual Studio Solution File, Format Version 12.00
# Visual Studio 14
VisualStudioVersion = 14.0.23107.0
MinimumVisualStudioVersion = 10.0.40219.1
Project("{FAE04EC0-301F-11D3-BF4B-00C04F79EFBC}") = "FormulaEvaluator", "FormulaEvaluator\FormulaEvaluator.csproj", "{D169BDD7-CF06-4D78-AD3F-C910BDDA870A}"
EndProject
Global
	GlobalSection(SolutionConfigurationPlatforms) = preSolution
		Debug|Any CPU = Debug|Any CPU
		Release|Any CPU = Release|Any CPU
	EndGlobalSection
	GlobalSection(ProjectConfigurationPlatforms) = postSolution
		{D169BDD7-CF06-4D78-AD3F-C910BDDA870A}.Debug|Any CPU.ActiveCfg = Debug|Any CPU
		{D169BDD7-CF06-4D78-AD3F-C910BDDA870A}.Debug|Any CPU.Build.0 = Debug|Any CPU
		{D169BDD7-CF06-4D78-AD3F-C910BDDA870A}.Release|Any CPU.ActiveCfg = Release|Any CPU
		{D169BDD7-CF06-4D78-AD3F-C910BDDA870A}.Release|Any CPU.Build.0 = Release|Any CPU
	EndGlobalSection
	GlobalSection(SolutionProperties) = preSolution
		HideSolutionNode = FALSE
	EndGlobalSection
EndGlobal
